
Microsoft Visual Studio Solution File, Format Version 12.00
# Visual Studio 14
VisualStudioVersion = 14.0.25420.1
MinimumVisualStudioVersion = 10.0.40219.1
Project("{2150E333-8FDC-42A3-9474-1A3956D46DE8}") = "Tests", "Tests", "{6828C636-FF2C-4BB7-A654-EC143CE10C50}"
EndProject
Project("{FAE04EC0-301F-11D3-BF4B-00C04F79EFBC}") = "Konves.TextGraph", "src\Konves.TextGraph\Konves.TextGraph.csproj", "{D3BD3285-8F5B-4915-A4E5-ED0D63E32B04}"
EndProject
Project("{FAE04EC0-301F-11D3-BF4B-00C04F79EFBC}") = "Konves.TextGraph.UnitTests", "tests\Konves.TextGraph.UnitTests\Konves.TextGraph.UnitTests.csproj", "{A2908650-A018-4EA2-8913-20358E313BE9}"
EndProject
Project("{2150E333-8FDC-42A3-9474-1A3956D46DE8}") = "Build", "Build", "{2A9FD522-BE25-483F-B55C-1CB62348055D}"
	ProjectSection(SolutionItems) = preProject
		appveyor.yml = appveyor.yml
		coverage.cmd = coverage.cmd
	EndProjectSection
EndProject
Project("{FAE04EC0-301F-11D3-BF4B-00C04F79EFBC}") = "Konves.TextGraph.MarkdownParser", "src\Konves.TextGraph.MarkDownParser\Konves.TextGraph.MarkdownParser.csproj", "{B99EF01A-7BB7-45F7-8E97-2FBE7BD9AD09}"
EndProject
Project("{FAE04EC0-301F-11D3-BF4B-00C04F79EFBC}") = "Konves.TextGraph.HtmlParser", "src\Konves.TextGraph.HtmlParser\Konves.TextGraph.HtmlParser.csproj", "{9C16626D-14FC-4467-AD35-379B6C8A4BD5}"
EndProject
Project("{FAE04EC0-301F-11D3-BF4B-00C04F79EFBC}") = "Konves.TextGraph.HtmlParser.UnitTests", "tests\Konves.TextGraph.HtmlParser.UnitTests\Konves.TextGraph.HtmlParser.UnitTests.csproj", "{0F3BC996-801D-4E8C-A60A-710E2ABC958C}"
EndProject
Project("{FAE04EC0-301F-11D3-BF4B-00C04F79EFBC}") = "Konves.TextGraph.MarkdownParser.UnitTests", "tests\Konves.TextGraph.MarkdownParser.UnitTests\Konves.TextGraph.MarkdownParser.UnitTests.csproj", "{BFC11C50-368D-46BC-987E-4248ACA6377F}"
EndProject
Global
	GlobalSection(SolutionConfigurationPlatforms) = preSolution
		Debug|Any CPU = Debug|Any CPU
		Release|Any CPU = Release|Any CPU
	EndGlobalSection
	GlobalSection(ProjectConfigurationPlatforms) = postSolution
		{D3BD3285-8F5B-4915-A4E5-ED0D63E32B04}.Debug|Any CPU.ActiveCfg = Debug|Any CPU
		{D3BD3285-8F5B-4915-A4E5-ED0D63E32B04}.Debug|Any CPU.Build.0 = Debug|Any CPU
		{D3BD3285-8F5B-4915-A4E5-ED0D63E32B04}.Release|Any CPU.ActiveCfg = Release|Any CPU
		{D3BD3285-8F5B-4915-A4E5-ED0D63E32B04}.Release|Any CPU.Build.0 = Release|Any CPU
		{A2908650-A018-4EA2-8913-20358E313BE9}.Debug|Any CPU.ActiveCfg = Debug|Any CPU
		{A2908650-A018-4EA2-8913-20358E313BE9}.Debug|Any CPU.Build.0 = Debug|Any CPU
		{A2908650-A018-4EA2-8913-20358E313BE9}.Release|Any CPU.ActiveCfg = Release|Any CPU
		{A2908650-A018-4EA2-8913-20358E313BE9}.Release|Any CPU.Build.0 = Release|Any CPU
		{B99EF01A-7BB7-45F7-8E97-2FBE7BD9AD09}.Debug|Any CPU.ActiveCfg = Debug|Any CPU
		{B99EF01A-7BB7-45F7-8E97-2FBE7BD9AD09}.Debug|Any CPU.Build.0 = Debug|Any CPU
		{B99EF01A-7BB7-45F7-8E97-2FBE7BD9AD09}.Release|Any CPU.ActiveCfg = Release|Any CPU
		{B99EF01A-7BB7-45F7-8E97-2FBE7BD9AD09}.Release|Any CPU.Build.0 = Release|Any CPU
		{9C16626D-14FC-4467-AD35-379B6C8A4BD5}.Debug|Any CPU.ActiveCfg = Debug|Any CPU
		{9C16626D-14FC-4467-AD35-379B6C8A4BD5}.Debug|Any CPU.Build.0 = Debug|Any CPU
		{9C16626D-14FC-4467-AD35-379B6C8A4BD5}.Release|Any CPU.ActiveCfg = Release|Any CPU
		{9C16626D-14FC-4467-AD35-379B6C8A4BD5}.Release|Any CPU.Build.0 = Release|Any CPU
		{0F3BC996-801D-4E8C-A60A-710E2ABC958C}.Debug|Any CPU.ActiveCfg = Debug|Any CPU
		{0F3BC996-801D-4E8C-A60A-710E2ABC958C}.Debug|Any CPU.Build.0 = Debug|Any CPU
		{0F3BC996-801D-4E8C-A60A-710E2ABC958C}.Release|Any CPU.ActiveCfg = Release|Any CPU
		{0F3BC996-801D-4E8C-A60A-710E2ABC958C}.Release|Any CPU.Build.0 = Release|Any CPU
		{BFC11C50-368D-46BC-987E-4248ACA6377F}.Debug|Any CPU.ActiveCfg = Debug|Any CPU
		{BFC11C50-368D-46BC-987E-4248ACA6377F}.Debug|Any CPU.Build.0 = Debug|Any CPU
		{BFC11C50-368D-46BC-987E-4248ACA6377F}.Release|Any CPU.ActiveCfg = Release|Any CPU
		{BFC11C50-368D-46BC-987E-4248ACA6377F}.Release|Any CPU.Build.0 = Release|Any CPU
	EndGlobalSection
	GlobalSection(SolutionProperties) = preSolution
		HideSolutionNode = FALSE
	EndGlobalSection
	GlobalSection(NestedProjects) = preSolution
		{A2908650-A018-4EA2-8913-20358E313BE9} = {6828C636-FF2C-4BB7-A654-EC143CE10C50}
		{0F3BC996-801D-4E8C-A60A-710E2ABC958C} = {6828C636-FF2C-4BB7-A654-EC143CE10C50}
		{BFC11C50-368D-46BC-987E-4248ACA6377F} = {6828C636-FF2C-4BB7-A654-EC143CE10C50}
	EndGlobalSection
EndGlobal
